
Microsoft Visual Studio Solution File, Format Version 12.00
# Visual Studio Version 16
VisualStudioVersion = 25.0.1704.2
MinimumVisualStudioVersion = 10.0.40219.1
Project("{FAE04EC0-301F-11D3-BF4B-00C04F79EFBC}") = "airship.android.core", "binderator\generated\airship.android.core\airship.android.core.csproj", "{BC06FD4D-9116-49FF-AF27-B3C5E7E10125}"
EndProject
Project("{FAE04EC0-301F-11D3-BF4B-00C04F79EFBC}") = "airship.android.adm", "binderator\generated\airship.android.adm\airship.android.adm.csproj", "{DCD3C3FE-6B8D-463E-850E-27BC8A3F0470}"
EndProject
Project("{FAE04EC0-301F-11D3-BF4B-00C04F79EFBC}") = "airship.android.layout", "binderator\generated\airship.android.layout\airship.android.layout.csproj", "{2F36FE2F-A1F6-4762-B6FB-6ADDB16C7A5B}"
EndProject
Project("{FAE04EC0-301F-11D3-BF4B-00C04F79EFBC}") = "airship.android.automation", "binderator\generated\airship.android.automation\airship.android.automation.csproj", "{58478FE8-9760-40C3-9016-9435564C011E}"
EndProject
Project("{FAE04EC0-301F-11D3-BF4B-00C04F79EFBC}") = "airship.android.fcm", "binderator\generated\airship.android.fcm\airship.android.fcm.csproj", "{82685167-9AAB-4CFF-B686-9D678B54297F}"
EndProject
Project("{FAE04EC0-301F-11D3-BF4B-00C04F79EFBC}") = "airship.android.messagecenter", "binderator\generated\airship.android.messagecenter\airship.android.messagecenter.csproj", "{107BE8E5-E5FB-461E-B812-97834B04B5EA}"
EndProject
Project("{FAE04EC0-301F-11D3-BF4B-00C04F79EFBC}") = "airship.android.preferencecenter", "binderator\generated\airship.android.preferencecenter\airship.android.preferencecenter.csproj", "{E99F9D88-6E68-46D8-9A8A-651C8490E59C}"
EndProject
Project("{FAE04EC0-301F-11D3-BF4B-00C04F79EFBC}") = "AirshipBindings.iOS.Basement", "src\AirshipBindings.iOS.Basement\AirshipBindings.iOS.Basement.csproj", "{5E85A7FD-8C42-4DE6-B002-E3CC2DA529C7}"
EndProject
Project("{FAE04EC0-301F-11D3-BF4B-00C04F79EFBC}") = "AirshipBindings.iOS.Core", "src\AirshipBindings.iOS.Core\AirshipBindings.iOS.Core.csproj", "{7F49C0FA-F958-44CF-9246-8B8577748E6F}"
EndProject
Project("{FAE04EC0-301F-11D3-BF4B-00C04F79EFBC}") = "AirshipBindings.iOS.Automation", "src\AirshipBindings.iOS.Automation\AirshipBindings.iOS.Automation.csproj", "{70434FB5-A468-4777-9478-DD2AB80BE0E2}"
EndProject
Project("{FAE04EC0-301F-11D3-BF4B-00C04F79EFBC}") = "AirshipBindings.iOS.ExtendedActions", "src\AirshipBindings.iOS.ExtendedActions\AirshipBindings.iOS.ExtendedActions.csproj", "{BFFFE653-04CD-4563-BF2D-B6F31349F30D}"
EndProject
Project("{FAE04EC0-301F-11D3-BF4B-00C04F79EFBC}") = "AirshipBindings.iOS.MessageCenter", "src\AirshipBindings.iOS.MessageCenter\AirshipBindings.iOS.MessageCenter.csproj", "{AC22EEC5-DCA6-49D3-8B37-533B5565E2CF}"
EndProject
Project("{FAE04EC0-301F-11D3-BF4B-00C04F79EFBC}") = "Airship.Net", "src\Airship.Net\Airship.Net.csproj", "{C419463A-31A8-477B-A99E-1B0947AA416B}"
EndProject
Project("{FAE04EC0-301F-11D3-BF4B-00C04F79EFBC}") = "AirshipBindings.iOS.NotificationContentExtension", "src\AirshipBindings.iOS.NotificationContentExtension\AirshipBindings.iOS.NotificationContentExtension.csproj", "{C9325C9E-B43A-4BE8-AD68-B7BF6942F9F8}"
EndProject
Project("{FAE04EC0-301F-11D3-BF4B-00C04F79EFBC}") = "AirshipBindings.iOS.NotificationServiceExtension", "src\AirshipBindings.iOS.NotificationServiceExtension\AirshipBindings.iOS.NotificationServiceExtension.csproj", "{2C453988-C24E-431A-A17C-6989E93C795E}"
EndProject
Project("{FAE04EC0-301F-11D3-BF4B-00C04F79EFBC}") = "AirshipBindings.iOS.PreferenceCenter", "src\AirshipBindings.iOS.PreferenceCenter\AirshipBindings.iOS.PreferenceCenter.csproj", "{13E9ACF2-4FE5-4FA6-96C4-BDFB6FF7C3A0}"
EndProject
Project("{2150E333-8FDC-42A3-9474-1A3956D46DE8}") = "Solution Items", "Solution Items", "{F4B616B3-15BA-45DB-AA24-97270963158F}"
	ProjectSection(SolutionItems) = preProject
		Airship.iOS.slnf = Airship.iOS.slnf
		Airship.Android.slnf = Airship.Android.slnf
	EndProjectSection
EndProject
Project("{FAE04EC0-301F-11D3-BF4B-00C04F79EFBC}") = "Airship.Net.MessageCenter", "src\Airship.Net.MessageCenter\Airship.Net.MessageCenter.csproj", "{F429D476-7186-4C55-A5B6-60FA62215E78}"
EndProject
Global
	GlobalSection(SolutionConfigurationPlatforms) = preSolution
		Debug|Any CPU = Debug|Any CPU
		Release|Any CPU = Release|Any CPU
	EndGlobalSection
	GlobalSection(ProjectConfigurationPlatforms) = postSolution
		{BC06FD4D-9116-49FF-AF27-B3C5E7E10125}.Debug|Any CPU.ActiveCfg = Debug|Any CPU
		{BC06FD4D-9116-49FF-AF27-B3C5E7E10125}.Debug|Any CPU.Build.0 = Debug|Any CPU
		{BC06FD4D-9116-49FF-AF27-B3C5E7E10125}.Release|Any CPU.ActiveCfg = Release|Any CPU
		{BC06FD4D-9116-49FF-AF27-B3C5E7E10125}.Release|Any CPU.Build.0 = Release|Any CPU
		{DCD3C3FE-6B8D-463E-850E-27BC8A3F0470}.Debug|Any CPU.ActiveCfg = Debug|Any CPU
		{DCD3C3FE-6B8D-463E-850E-27BC8A3F0470}.Debug|Any CPU.Build.0 = Debug|Any CPU
		{DCD3C3FE-6B8D-463E-850E-27BC8A3F0470}.Release|Any CPU.ActiveCfg = Release|Any CPU
		{DCD3C3FE-6B8D-463E-850E-27BC8A3F0470}.Release|Any CPU.Build.0 = Release|Any CPU
		{2F36FE2F-A1F6-4762-B6FB-6ADDB16C7A5B}.Debug|Any CPU.ActiveCfg = Debug|Any CPU
		{2F36FE2F-A1F6-4762-B6FB-6ADDB16C7A5B}.Debug|Any CPU.Build.0 = Debug|Any CPU
		{2F36FE2F-A1F6-4762-B6FB-6ADDB16C7A5B}.Release|Any CPU.ActiveCfg = Release|Any CPU
		{2F36FE2F-A1F6-4762-B6FB-6ADDB16C7A5B}.Release|Any CPU.Build.0 = Release|Any CPU
		{58478FE8-9760-40C3-9016-9435564C011E}.Debug|Any CPU.ActiveCfg = Debug|Any CPU
		{58478FE8-9760-40C3-9016-9435564C011E}.Debug|Any CPU.Build.0 = Debug|Any CPU
		{58478FE8-9760-40C3-9016-9435564C011E}.Release|Any CPU.ActiveCfg = Release|Any CPU
		{58478FE8-9760-40C3-9016-9435564C011E}.Release|Any CPU.Build.0 = Release|Any CPU
		{82685167-9AAB-4CFF-B686-9D678B54297F}.Debug|Any CPU.ActiveCfg = Debug|Any CPU
		{82685167-9AAB-4CFF-B686-9D678B54297F}.Debug|Any CPU.Build.0 = Debug|Any CPU
		{82685167-9AAB-4CFF-B686-9D678B54297F}.Release|Any CPU.ActiveCfg = Release|Any CPU
		{82685167-9AAB-4CFF-B686-9D678B54297F}.Release|Any CPU.Build.0 = Release|Any CPU
		{107BE8E5-E5FB-461E-B812-97834B04B5EA}.Debug|Any CPU.ActiveCfg = Debug|Any CPU
		{107BE8E5-E5FB-461E-B812-97834B04B5EA}.Debug|Any CPU.Build.0 = Debug|Any CPU
		{107BE8E5-E5FB-461E-B812-97834B04B5EA}.Release|Any CPU.ActiveCfg = Release|Any CPU
		{107BE8E5-E5FB-461E-B812-97834B04B5EA}.Release|Any CPU.Build.0 = Release|Any CPU
		{E99F9D88-6E68-46D8-9A8A-651C8490E59C}.Debug|Any CPU.ActiveCfg = Debug|Any CPU
		{E99F9D88-6E68-46D8-9A8A-651C8490E59C}.Debug|Any CPU.Build.0 = Debug|Any CPU
		{E99F9D88-6E68-46D8-9A8A-651C8490E59C}.Release|Any CPU.ActiveCfg = Release|Any CPU
		{E99F9D88-6E68-46D8-9A8A-651C8490E59C}.Release|Any CPU.Build.0 = Release|Any CPU
		{5E85A7FD-8C42-4DE6-B002-E3CC2DA529C7}.Debug|Any CPU.ActiveCfg = Debug|Any CPU
		{5E85A7FD-8C42-4DE6-B002-E3CC2DA529C7}.Debug|Any CPU.Build.0 = Debug|Any CPU
		{5E85A7FD-8C42-4DE6-B002-E3CC2DA529C7}.Release|Any CPU.ActiveCfg = Release|Any CPU
		{5E85A7FD-8C42-4DE6-B002-E3CC2DA529C7}.Release|Any CPU.Build.0 = Release|Any CPU
		{7F49C0FA-F958-44CF-9246-8B8577748E6F}.Debug|Any CPU.ActiveCfg = Debug|Any CPU
		{7F49C0FA-F958-44CF-9246-8B8577748E6F}.Debug|Any CPU.Build.0 = Debug|Any CPU
		{7F49C0FA-F958-44CF-9246-8B8577748E6F}.Release|Any CPU.ActiveCfg = Release|Any CPU
		{7F49C0FA-F958-44CF-9246-8B8577748E6F}.Release|Any CPU.Build.0 = Release|Any CPU
		{70434FB5-A468-4777-9478-DD2AB80BE0E2}.Debug|Any CPU.ActiveCfg = Debug|Any CPU
		{70434FB5-A468-4777-9478-DD2AB80BE0E2}.Debug|Any CPU.Build.0 = Debug|Any CPU
		{70434FB5-A468-4777-9478-DD2AB80BE0E2}.Release|Any CPU.ActiveCfg = Release|Any CPU
		{70434FB5-A468-4777-9478-DD2AB80BE0E2}.Release|Any CPU.Build.0 = Release|Any CPU
		{BFFFE653-04CD-4563-BF2D-B6F31349F30D}.Debug|Any CPU.ActiveCfg = Debug|Any CPU
		{BFFFE653-04CD-4563-BF2D-B6F31349F30D}.Debug|Any CPU.Build.0 = Debug|Any CPU
		{BFFFE653-04CD-4563-BF2D-B6F31349F30D}.Release|Any CPU.ActiveCfg = Release|Any CPU
		{BFFFE653-04CD-4563-BF2D-B6F31349F30D}.Release|Any CPU.Build.0 = Release|Any CPU
		{AC22EEC5-DCA6-49D3-8B37-533B5565E2CF}.Debug|Any CPU.ActiveCfg = Debug|Any CPU
		{AC22EEC5-DCA6-49D3-8B37-533B5565E2CF}.Debug|Any CPU.Build.0 = Debug|Any CPU
		{AC22EEC5-DCA6-49D3-8B37-533B5565E2CF}.Release|Any CPU.ActiveCfg = Release|Any CPU
		{AC22EEC5-DCA6-49D3-8B37-533B5565E2CF}.Release|Any CPU.Build.0 = Release|Any CPU
		{C419463A-31A8-477B-A99E-1B0947AA416B}.Debug|Any CPU.ActiveCfg = Debug|Any CPU
		{C419463A-31A8-477B-A99E-1B0947AA416B}.Debug|Any CPU.Build.0 = Debug|Any CPU
		{C419463A-31A8-477B-A99E-1B0947AA416B}.Release|Any CPU.ActiveCfg = Release|Any CPU
		{C419463A-31A8-477B-A99E-1B0947AA416B}.Release|Any CPU.Build.0 = Release|Any CPU
		{C9325C9E-B43A-4BE8-AD68-B7BF6942F9F8}.Debug|Any CPU.ActiveCfg = Debug|Any CPU
		{C9325C9E-B43A-4BE8-AD68-B7BF6942F9F8}.Debug|Any CPU.Build.0 = Debug|Any CPU
		{C9325C9E-B43A-4BE8-AD68-B7BF6942F9F8}.Release|Any CPU.ActiveCfg = Release|Any CPU
		{C9325C9E-B43A-4BE8-AD68-B7BF6942F9F8}.Release|Any CPU.Build.0 = Release|Any CPU
		{2C453988-C24E-431A-A17C-6989E93C795E}.Debug|Any CPU.ActiveCfg = Debug|Any CPU
		{2C453988-C24E-431A-A17C-6989E93C795E}.Debug|Any CPU.Build.0 = Debug|Any CPU
		{2C453988-C24E-431A-A17C-6989E93C795E}.Release|Any CPU.ActiveCfg = Release|Any CPU
		{2C453988-C24E-431A-A17C-6989E93C795E}.Release|Any CPU.Build.0 = Release|Any CPU
		{13E9ACF2-4FE5-4FA6-96C4-BDFB6FF7C3A0}.Debug|Any CPU.ActiveCfg = Debug|Any CPU
		{13E9ACF2-4FE5-4FA6-96C4-BDFB6FF7C3A0}.Debug|Any CPU.Build.0 = Debug|Any CPU
		{13E9ACF2-4FE5-4FA6-96C4-BDFB6FF7C3A0}.Release|Any CPU.ActiveCfg = Release|Any CPU
		{13E9ACF2-4FE5-4FA6-96C4-BDFB6FF7C3A0}.Release|Any CPU.Build.0 = Release|Any CPU
		{9068F67C-A176-418D-9518-F754A5624FD0}.Debug|Any CPU.ActiveCfg = Debug|Any CPU
		{9068F67C-A176-418D-9518-F754A5624FD0}.Debug|Any CPU.Build.0 = Debug|Any CPU
		{9068F67C-A176-418D-9518-F754A5624FD0}.Release|Any CPU.ActiveCfg = Release|Any CPU
		{9068F67C-A176-418D-9518-F754A5624FD0}.Release|Any CPU.Build.0 = Release|Any CPU
		{F429D476-7186-4C55-A5B6-60FA62215E78}.Debug|Any CPU.ActiveCfg = Debug|Any CPU
		{F429D476-7186-4C55-A5B6-60FA62215E78}.Debug|Any CPU.Build.0 = Debug|Any CPU
		{F429D476-7186-4C55-A5B6-60FA62215E78}.Release|Any CPU.ActiveCfg = Release|Any CPU
		{F429D476-7186-4C55-A5B6-60FA62215E78}.Release|Any CPU.Build.0 = Release|Any CPU
	EndGlobalSection
	GlobalSection(SolutionProperties) = preSolution
		HideSolutionNode = FALSE
	EndGlobalSection
	GlobalSection(ExtensibilityGlobals) = postSolution
		SolutionGuid = {67DA44AF-AC13-48DB-BA36-A2EDED6269A6}
	EndGlobalSection
EndGlobal
