
Microsoft Visual Studio Solution File, Format Version 12.00
# Visual Studio 2012
Project("{2150E333-8FDC-42A3-9474-1A3956D46DE8}") = "Android", "Android", "{B7848DF9-D3DD-4C5B-BE93-3F70E13B450C}"
EndProject
Project("{FAE04EC0-301F-11D3-BF4B-00C04F79EFBC}") = "AirshipBindings", "Android\AirshipBindings\AirshipBindings.csproj", "{1CAD9B42-85C2-495A-AA2D-1EA2FCFE1C3B}"
EndProject
Project("{FAE04EC0-301F-11D3-BF4B-00C04F79EFBC}") = "Sample", "Android\Sample\Sample.csproj", "{3A31EBDD-6C46-4F7A-B453-85E0922F8C44}"
EndProject
Project("{2150E333-8FDC-42A3-9474-1A3956D46DE8}") = "iOS", "iOS", "{26601E76-232F-49B0-BFE3-0F73E0629C48}"
EndProject
Project("{FAE04EC0-301F-11D3-BF4B-00C04F79EFBC}") = "AirshipBindings.iOS", "iOS\AirshipBindings\AirshipBindings.iOS.csproj", "{58346B7E-E18F-4CB1-A9B8-C2266BDCFE2A}"
EndProject
Project("{FAE04EC0-301F-11D3-BF4B-00C04F79EFBC}") = "XamarinSample", "iOS\XamarinSample\XamarinSample.csproj", "{C6EB4686-06A0-4B33-AEDE-C42E5EC8CA50}"
EndProject
Project("{FAE04EC0-301F-11D3-BF4B-00C04F79EFBC}") = "XamarinSample.UITests", "iOS\XamarinSample.UITests\XamarinSample.UITests.csproj", "{2024827A-7DC9-4B83-ABF9-8388BBB7A26B}"
EndProject
Global
	GlobalSection(SolutionConfigurationPlatforms) = preSolution
		Debug|Any CPU = Debug|Any CPU
		Release|Any CPU = Release|Any CPU
		Debug|iPhoneSimulator = Debug|iPhoneSimulator
		Release|iPhone = Release|iPhone
		Release|iPhoneSimulator = Release|iPhoneSimulator
		Debug|iPhone = Debug|iPhone
	EndGlobalSection
	GlobalSection(ProjectConfigurationPlatforms) = postSolution
		{1CAD9B42-85C2-495A-AA2D-1EA2FCFE1C3B}.Debug|Any CPU.ActiveCfg = Debug|Any CPU
		{1CAD9B42-85C2-495A-AA2D-1EA2FCFE1C3B}.Debug|Any CPU.Build.0 = Debug|Any CPU
		{1CAD9B42-85C2-495A-AA2D-1EA2FCFE1C3B}.Debug|iPhone.ActiveCfg = Debug|Any CPU
		{1CAD9B42-85C2-495A-AA2D-1EA2FCFE1C3B}.Debug|iPhone.Build.0 = Debug|Any CPU
		{1CAD9B42-85C2-495A-AA2D-1EA2FCFE1C3B}.Debug|iPhoneSimulator.ActiveCfg = Debug|Any CPU
		{1CAD9B42-85C2-495A-AA2D-1EA2FCFE1C3B}.Debug|iPhoneSimulator.Build.0 = Debug|Any CPU
		{1CAD9B42-85C2-495A-AA2D-1EA2FCFE1C3B}.Release|Any CPU.ActiveCfg = Release|Any CPU
		{1CAD9B42-85C2-495A-AA2D-1EA2FCFE1C3B}.Release|Any CPU.Build.0 = Release|Any CPU
		{1CAD9B42-85C2-495A-AA2D-1EA2FCFE1C3B}.Release|iPhone.ActiveCfg = Release|Any CPU
		{1CAD9B42-85C2-495A-AA2D-1EA2FCFE1C3B}.Release|iPhone.Build.0 = Release|Any CPU
		{1CAD9B42-85C2-495A-AA2D-1EA2FCFE1C3B}.Release|iPhoneSimulator.ActiveCfg = Release|Any CPU
		{1CAD9B42-85C2-495A-AA2D-1EA2FCFE1C3B}.Release|iPhoneSimulator.Build.0 = Release|Any CPU
		{2024827A-7DC9-4B83-ABF9-8388BBB7A26B}.Debug|Any CPU.ActiveCfg = Debug|Any CPU
		{2024827A-7DC9-4B83-ABF9-8388BBB7A26B}.Debug|Any CPU.Build.0 = Debug|Any CPU
		{2024827A-7DC9-4B83-ABF9-8388BBB7A26B}.Debug|iPhone.ActiveCfg = Debug|Any CPU
		{2024827A-7DC9-4B83-ABF9-8388BBB7A26B}.Debug|iPhone.Build.0 = Debug|Any CPU
		{2024827A-7DC9-4B83-ABF9-8388BBB7A26B}.Debug|iPhoneSimulator.ActiveCfg = Debug|Any CPU
		{2024827A-7DC9-4B83-ABF9-8388BBB7A26B}.Debug|iPhoneSimulator.Build.0 = Debug|Any CPU
		{2024827A-7DC9-4B83-ABF9-8388BBB7A26B}.Release|Any CPU.ActiveCfg = Release|Any CPU
		{2024827A-7DC9-4B83-ABF9-8388BBB7A26B}.Release|Any CPU.Build.0 = Release|Any CPU
		{2024827A-7DC9-4B83-ABF9-8388BBB7A26B}.Release|iPhone.ActiveCfg = Release|Any CPU
		{2024827A-7DC9-4B83-ABF9-8388BBB7A26B}.Release|iPhone.Build.0 = Release|Any CPU
		{2024827A-7DC9-4B83-ABF9-8388BBB7A26B}.Release|iPhoneSimulator.ActiveCfg = Release|Any CPU
		{2024827A-7DC9-4B83-ABF9-8388BBB7A26B}.Release|iPhoneSimulator.Build.0 = Release|Any CPU
		{3A31EBDD-6C46-4F7A-B453-85E0922F8C44}.Debug|Any CPU.ActiveCfg = Debug|Any CPU
		{3A31EBDD-6C46-4F7A-B453-85E0922F8C44}.Debug|Any CPU.Build.0 = Debug|Any CPU
		{3A31EBDD-6C46-4F7A-B453-85E0922F8C44}.Debug|iPhone.ActiveCfg = Debug|Any CPU
		{3A31EBDD-6C46-4F7A-B453-85E0922F8C44}.Debug|iPhone.Build.0 = Debug|Any CPU
		{3A31EBDD-6C46-4F7A-B453-85E0922F8C44}.Debug|iPhoneSimulator.ActiveCfg = Debug|Any CPU
		{3A31EBDD-6C46-4F7A-B453-85E0922F8C44}.Debug|iPhoneSimulator.Build.0 = Debug|Any CPU
		{3A31EBDD-6C46-4F7A-B453-85E0922F8C44}.Release|Any CPU.ActiveCfg = Release|Any CPU
		{3A31EBDD-6C46-4F7A-B453-85E0922F8C44}.Release|Any CPU.Build.0 = Release|Any CPU
		{3A31EBDD-6C46-4F7A-B453-85E0922F8C44}.Release|iPhone.ActiveCfg = Release|Any CPU
		{3A31EBDD-6C46-4F7A-B453-85E0922F8C44}.Release|iPhone.Build.0 = Release|Any CPU
		{3A31EBDD-6C46-4F7A-B453-85E0922F8C44}.Release|iPhoneSimulator.ActiveCfg = Release|Any CPU
		{3A31EBDD-6C46-4F7A-B453-85E0922F8C44}.Release|iPhoneSimulator.Build.0 = Release|Any CPU
		{58346B7E-E18F-4CB1-A9B8-C2266BDCFE2A}.Debug|Any CPU.ActiveCfg = Debug|Any CPU
		{58346B7E-E18F-4CB1-A9B8-C2266BDCFE2A}.Debug|Any CPU.Build.0 = Debug|Any CPU
		{58346B7E-E18F-4CB1-A9B8-C2266BDCFE2A}.Debug|iPhone.ActiveCfg = Debug|Any CPU
		{58346B7E-E18F-4CB1-A9B8-C2266BDCFE2A}.Debug|iPhone.Build.0 = Debug|Any CPU
		{58346B7E-E18F-4CB1-A9B8-C2266BDCFE2A}.Debug|iPhoneSimulator.ActiveCfg = Debug|Any CPU
		{58346B7E-E18F-4CB1-A9B8-C2266BDCFE2A}.Debug|iPhoneSimulator.Build.0 = Debug|Any CPU
		{58346B7E-E18F-4CB1-A9B8-C2266BDCFE2A}.Release|Any CPU.ActiveCfg = Release|Any CPU
		{58346B7E-E18F-4CB1-A9B8-C2266BDCFE2A}.Release|Any CPU.Build.0 = Release|Any CPU
		{58346B7E-E18F-4CB1-A9B8-C2266BDCFE2A}.Release|iPhone.ActiveCfg = Release|Any CPU
		{58346B7E-E18F-4CB1-A9B8-C2266BDCFE2A}.Release|iPhone.Build.0 = Release|Any CPU
		{58346B7E-E18F-4CB1-A9B8-C2266BDCFE2A}.Release|iPhoneSimulator.ActiveCfg = Release|Any CPU
		{58346B7E-E18F-4CB1-A9B8-C2266BDCFE2A}.Release|iPhoneSimulator.Build.0 = Release|Any CPU
		{C6EB4686-06A0-4B33-AEDE-C42E5EC8CA50}.Debug|Any CPU.ActiveCfg = Debug|iPhoneSimulator
		{C6EB4686-06A0-4B33-AEDE-C42E5EC8CA50}.Debug|Any CPU.Build.0 = Debug|iPhoneSimulator
		{C6EB4686-06A0-4B33-AEDE-C42E5EC8CA50}.Debug|iPhone.ActiveCfg = Debug|iPhone
		{C6EB4686-06A0-4B33-AEDE-C42E5EC8CA50}.Debug|iPhone.Build.0 = Debug|iPhone
		{C6EB4686-06A0-4B33-AEDE-C42E5EC8CA50}.Debug|iPhoneSimulator.ActiveCfg = Debug|iPhoneSimulator
		{C6EB4686-06A0-4B33-AEDE-C42E5EC8CA50}.Debug|iPhoneSimulator.Build.0 = Debug|iPhoneSimulator
		{C6EB4686-06A0-4B33-AEDE-C42E5EC8CA50}.Release|Any CPU.ActiveCfg = Release|iPhone
		{C6EB4686-06A0-4B33-AEDE-C42E5EC8CA50}.Release|Any CPU.Build.0 = Release|iPhone
		{C6EB4686-06A0-4B33-AEDE-C42E5EC8CA50}.Release|iPhone.ActiveCfg = Release|iPhone
		{C6EB4686-06A0-4B33-AEDE-C42E5EC8CA50}.Release|iPhone.Build.0 = Release|iPhone
		{C6EB4686-06A0-4B33-AEDE-C42E5EC8CA50}.Release|iPhoneSimulator.ActiveCfg = Release|iPhoneSimulator
		{C6EB4686-06A0-4B33-AEDE-C42E5EC8CA50}.Release|iPhoneSimulator.Build.0 = Release|iPhoneSimulator
	EndGlobalSection
	GlobalSection(NestedProjects) = preSolution
		{1CAD9B42-85C2-495A-AA2D-1EA2FCFE1C3B} = {B7848DF9-D3DD-4C5B-BE93-3F70E13B450C}
		{3A31EBDD-6C46-4F7A-B453-85E0922F8C44} = {B7848DF9-D3DD-4C5B-BE93-3F70E13B450C}
		{58346B7E-E18F-4CB1-A9B8-C2266BDCFE2A} = {26601E76-232F-49B0-BFE3-0F73E0629C48}
		{C6EB4686-06A0-4B33-AEDE-C42E5EC8CA50} = {26601E76-232F-49B0-BFE3-0F73E0629C48}
		{2024827A-7DC9-4B83-ABF9-8388BBB7A26B} = {26601E76-232F-49B0-BFE3-0F73E0629C48}
	EndGlobalSection
EndGlobal
