
Microsoft Visual Studio Solution File, Format Version 12.00
# Visual Studio 15
Project("{54841AE4-1D3D-4800-83FB-5DE1528A8BB0}") = "AirshipBindings.Android.Chat", "AirshipBindings.Android.Chat.csproj", "{32910211-582B-40B5-9C57-7B50f5E28098}"
EndProject
Project("{54841AE4-1D3D-4800-83FB-5DE1528A8BB0}") = "AirshipBindings.Android.Core", "..\AirshipBindings.Android.Core\AirshipBindings.Android.Core.csproj", "{98DC9E01-745C-4CEA-93A9-6546B349B8EE}"
EndProject
Global
	GlobalSection(SolutionConfigurationPlatforms) = preSolution
		Debug|Any CPU = Debug|Any CPU
		Release|Any CPU = Release|Any CPU
	EndGlobalSection
	GlobalSection(ProjectConfigurationPlatforms) = postSolution
		{32910211-582B-40B5-9C57-7B50f5E28098}.Debug|Any CPU.ActiveCfg = Debug|Any CPU
		{32910211-582B-40B5-9C57-7B50f5E28098}.Debug|Any CPU.Build.0 = Debug|Any CPU
		{32910211-582B-40B5-9C57-7B50f5E28098}.Release|Any CPU.ActiveCfg = Release|Any CPU
		{32910211-582B-40B5-9C57-7B50f5E28098}.Release|Any CPU.Build.0 = Release|Any CPU
		{98DC9E01-745C-4CEA-93A9-6546B349B8EE}.Debug|Any CPU.ActiveCfg = Debug|Any CPU
		{98DC9E01-745C-4CEA-93A9-6546B349B8EE}.Debug|Any CPU.Build.0 = Debug|Any CPU
		{98DC9E01-745C-4CEA-93A9-6546B349B8EE}.Release|Any CPU.ActiveCfg = Release|Any CPU
		{98DC9E01-745C-4CEA-93A9-6546B349B8EE}.Release|Any CPU.Build.0 = Release|Any CPU
	EndGlobalSection
EndGlobal
