
Microsoft Visual Studio Solution File, Format Version 12.00
# Visual Studio 15
Project("{FAE04EC0-301F-11D3-BF4B-00C04F79EFBC}") = "AirshipBindings.iOS.Basement", "AirshipBindings.iOS.Basement.csproj", "{5E85A7FD-8C42-4DE6-B002-E3CC2DA529C7}"
EndProject
Global
	GlobalSection(SolutionConfigurationPlatforms) = preSolution
		Debug|Any CPU = Debug|Any CPU
		Release|Any CPU = Release|Any CPU
	EndGlobalSection
	GlobalSection(ProjectConfigurationPlatforms) = postSolution
		{5E85A7FD-8C42-4DE6-B002-E3CC2DA529C7}.Debug|Any CPU.ActiveCfg = Debug|Any CPU
		{5E85A7FD-8C42-4DE6-B002-E3CC2DA529C7}.Debug|Any CPU.Build.0 = Debug|Any CPU
		{5E85A7FD-8C42-4DE6-B002-E3CC2DA529C7}.Release|Any CPU.ActiveCfg = Release|Any CPU
		{5E85A7FD-8C42-4DE6-B002-E3CC2DA529C7}.Release|Any CPU.Build.0 = Release|Any CPU
	EndGlobalSection
EndGlobal
