
Microsoft Visual Studio Solution File, Format Version 12.00
# Visual Studio 15
Project("{FAE04EC0-301F-11D3-BF4B-00C04F79EFBC}") = "SampleContentExtension", "SampleContentExtension.csproj", "{55571012-1720-4723-AB9D-2C83C2474C6F}"
EndProject
Global
	GlobalSection(SolutionConfigurationPlatforms) = preSolution
		Debug|iPhoneSimulator = Debug|iPhoneSimulator
		Release|iPhone = Release|iPhone
		Release|iPhoneSimulator = Release|iPhoneSimulator
		Debug|iPhone = Debug|iPhone
	EndGlobalSection
	GlobalSection(ProjectConfigurationPlatforms) = postSolution
		{55571012-1720-4723-AB9D-2C83C2474C6F}.Debug|iPhoneSimulator.ActiveCfg = Debug|iPhoneSimulator
		{55571012-1720-4723-AB9D-2C83C2474C6F}.Debug|iPhoneSimulator.Build.0 = Debug|iPhoneSimulator
		{55571012-1720-4723-AB9D-2C83C2474C6F}.Release|iPhone.ActiveCfg = Release|iPhone
		{55571012-1720-4723-AB9D-2C83C2474C6F}.Release|iPhone.Build.0 = Release|iPhone
		{55571012-1720-4723-AB9D-2C83C2474C6F}.Release|iPhoneSimulator.ActiveCfg = Release|iPhoneSimulator
		{55571012-1720-4723-AB9D-2C83C2474C6F}.Release|iPhoneSimulator.Build.0 = Release|iPhoneSimulator
		{55571012-1720-4723-AB9D-2C83C2474C6F}.Debug|iPhone.ActiveCfg = Debug|iPhone
		{55571012-1720-4723-AB9D-2C83C2474C6F}.Debug|iPhone.Build.0 = Debug|iPhone
	EndGlobalSection
EndGlobal
