
Microsoft Visual Studio Solution File, Format Version 12.00
# Visual Studio 15
Project("{FAE04EC0-301F-11D3-BF4B-00C04F79EFBC}") = "SampleApp.Android", "SampleApp.Android\SampleApp.Android.csproj", "{74AB4ED2-B6D3-4844-BEAE-EA5EB756AE1F}"
EndProject
Project("{FAE04EC0-301F-11D3-BF4B-00C04F79EFBC}") = "SampleApp.iOS", "SampleApp.iOS\SampleApp.iOS.csproj", "{C8C9DBA6-A575-491D-ACDE-39BDBC474E07}"
EndProject
Project("{FAE04EC0-301F-11D3-BF4B-00C04F79EFBC}") = "SampleApp", "SampleApp\SampleApp.csproj", "{9592AA2B-EE95-4A58-B697-D5B52CF15675}"
EndProject
Project("{FAE04EC0-301F-11D3-BF4B-00C04F79EFBC}") = "SampleServiceExtension", "SampleApp.iOS\SampleServiceExtension\SampleServiceExtension.csproj", "{27FBBE0D-D054-4C78-B301-DD3F0D46BB36}"
EndProject
Project("{FAE04EC0-301F-11D3-BF4B-00C04F79EFBC}") = "SampleContentExtension", "SampleApp.iOS\SampleContentExtension\SampleContentExtension.csproj", "{704998E3-3E30-4CBF-81B6-97150D93438D}"
EndProject
Global
	GlobalSection(SolutionConfigurationPlatforms) = preSolution
		Debug|Any CPU = Debug|Any CPU
		Release|Any CPU = Release|Any CPU
		Debug|iPhoneSimulator = Debug|iPhoneSimulator
		Release|iPhoneSimulator = Release|iPhoneSimulator
		Debug|iPhone = Debug|iPhone
		Release|iPhone = Release|iPhone
	EndGlobalSection
	GlobalSection(ProjectConfigurationPlatforms) = postSolution
		{74AB4ED2-B6D3-4844-BEAE-EA5EB756AE1F}.Debug|Any CPU.ActiveCfg = Debug|Any CPU
		{74AB4ED2-B6D3-4844-BEAE-EA5EB756AE1F}.Debug|Any CPU.Build.0 = Debug|Any CPU
		{74AB4ED2-B6D3-4844-BEAE-EA5EB756AE1F}.Release|Any CPU.ActiveCfg = Release|Any CPU
		{74AB4ED2-B6D3-4844-BEAE-EA5EB756AE1F}.Release|Any CPU.Build.0 = Release|Any CPU
		{74AB4ED2-B6D3-4844-BEAE-EA5EB756AE1F}.Debug|iPhoneSimulator.ActiveCfg = Debug|Any CPU
		{74AB4ED2-B6D3-4844-BEAE-EA5EB756AE1F}.Debug|iPhoneSimulator.Build.0 = Debug|Any CPU
		{74AB4ED2-B6D3-4844-BEAE-EA5EB756AE1F}.Release|iPhoneSimulator.ActiveCfg = Release|Any CPU
		{74AB4ED2-B6D3-4844-BEAE-EA5EB756AE1F}.Release|iPhoneSimulator.Build.0 = Release|Any CPU
		{74AB4ED2-B6D3-4844-BEAE-EA5EB756AE1F}.Debug|iPhone.ActiveCfg = Debug|Any CPU
		{74AB4ED2-B6D3-4844-BEAE-EA5EB756AE1F}.Debug|iPhone.Build.0 = Debug|Any CPU
		{74AB4ED2-B6D3-4844-BEAE-EA5EB756AE1F}.Release|iPhone.ActiveCfg = Release|Any CPU
		{74AB4ED2-B6D3-4844-BEAE-EA5EB756AE1F}.Release|iPhone.Build.0 = Release|Any CPU
		{C8C9DBA6-A575-491D-ACDE-39BDBC474E07}.Debug|Any CPU.ActiveCfg = Debug|iPhoneSimulator
		{C8C9DBA6-A575-491D-ACDE-39BDBC474E07}.Debug|Any CPU.Build.0 = Debug|iPhoneSimulator
		{C8C9DBA6-A575-491D-ACDE-39BDBC474E07}.Release|Any CPU.ActiveCfg = Release|iPhoneSimulator
		{C8C9DBA6-A575-491D-ACDE-39BDBC474E07}.Release|Any CPU.Build.0 = Release|iPhoneSimulator
		{C8C9DBA6-A575-491D-ACDE-39BDBC474E07}.Debug|iPhoneSimulator.ActiveCfg = Debug|iPhoneSimulator
		{C8C9DBA6-A575-491D-ACDE-39BDBC474E07}.Debug|iPhoneSimulator.Build.0 = Debug|iPhoneSimulator
		{C8C9DBA6-A575-491D-ACDE-39BDBC474E07}.Release|iPhoneSimulator.ActiveCfg = Release|iPhoneSimulator
		{C8C9DBA6-A575-491D-ACDE-39BDBC474E07}.Release|iPhoneSimulator.Build.0 = Release|iPhoneSimulator
		{C8C9DBA6-A575-491D-ACDE-39BDBC474E07}.Debug|iPhone.ActiveCfg = Debug|iPhone
		{C8C9DBA6-A575-491D-ACDE-39BDBC474E07}.Debug|iPhone.Build.0 = Debug|iPhone
		{C8C9DBA6-A575-491D-ACDE-39BDBC474E07}.Release|iPhone.ActiveCfg = Release|iPhone
		{C8C9DBA6-A575-491D-ACDE-39BDBC474E07}.Release|iPhone.Build.0 = Release|iPhone
		{9592AA2B-EE95-4A58-B697-D5B52CF15675}.Debug|Any CPU.ActiveCfg = Debug|Any CPU
		{9592AA2B-EE95-4A58-B697-D5B52CF15675}.Debug|Any CPU.Build.0 = Debug|Any CPU
		{9592AA2B-EE95-4A58-B697-D5B52CF15675}.Release|Any CPU.ActiveCfg = Release|Any CPU
		{9592AA2B-EE95-4A58-B697-D5B52CF15675}.Release|Any CPU.Build.0 = Release|Any CPU
		{9592AA2B-EE95-4A58-B697-D5B52CF15675}.Debug|iPhoneSimulator.ActiveCfg = Debug|Any CPU
		{9592AA2B-EE95-4A58-B697-D5B52CF15675}.Debug|iPhoneSimulator.Build.0 = Debug|Any CPU
		{9592AA2B-EE95-4A58-B697-D5B52CF15675}.Release|iPhoneSimulator.ActiveCfg = Release|Any CPU
		{9592AA2B-EE95-4A58-B697-D5B52CF15675}.Release|iPhoneSimulator.Build.0 = Release|Any CPU
		{9592AA2B-EE95-4A58-B697-D5B52CF15675}.Debug|iPhone.ActiveCfg = Debug|Any CPU
		{9592AA2B-EE95-4A58-B697-D5B52CF15675}.Debug|iPhone.Build.0 = Debug|Any CPU
		{9592AA2B-EE95-4A58-B697-D5B52CF15675}.Release|iPhone.ActiveCfg = Release|Any CPU
		{9592AA2B-EE95-4A58-B697-D5B52CF15675}.Release|iPhone.Build.0 = Release|Any CPU
		{27FBBE0D-D054-4C78-B301-DD3F0D46BB36}.Debug|Any CPU.ActiveCfg = Debug|iPhoneSimulator
		{27FBBE0D-D054-4C78-B301-DD3F0D46BB36}.Debug|Any CPU.Build.0 = Debug|iPhoneSimulator
		{27FBBE0D-D054-4C78-B301-DD3F0D46BB36}.Release|Any CPU.ActiveCfg = Release|iPhoneSimulator
		{27FBBE0D-D054-4C78-B301-DD3F0D46BB36}.Release|Any CPU.Build.0 = Release|iPhoneSimulator
		{27FBBE0D-D054-4C78-B301-DD3F0D46BB36}.Debug|iPhoneSimulator.ActiveCfg = Debug|iPhoneSimulator
		{27FBBE0D-D054-4C78-B301-DD3F0D46BB36}.Debug|iPhoneSimulator.Build.0 = Debug|iPhoneSimulator
		{27FBBE0D-D054-4C78-B301-DD3F0D46BB36}.Release|iPhoneSimulator.ActiveCfg = Release|iPhoneSimulator
		{27FBBE0D-D054-4C78-B301-DD3F0D46BB36}.Release|iPhoneSimulator.Build.0 = Release|iPhoneSimulator
		{27FBBE0D-D054-4C78-B301-DD3F0D46BB36}.Debug|iPhone.ActiveCfg = Debug|iPhone
		{27FBBE0D-D054-4C78-B301-DD3F0D46BB36}.Debug|iPhone.Build.0 = Debug|iPhone
		{27FBBE0D-D054-4C78-B301-DD3F0D46BB36}.Release|iPhone.ActiveCfg = Release|iPhone
		{27FBBE0D-D054-4C78-B301-DD3F0D46BB36}.Release|iPhone.Build.0 = Release|iPhone
		{704998E3-3E30-4CBF-81B6-97150D93438D}.Debug|Any CPU.ActiveCfg = Debug|iPhoneSimulator
		{704998E3-3E30-4CBF-81B6-97150D93438D}.Debug|Any CPU.Build.0 = Debug|iPhoneSimulator
		{704998E3-3E30-4CBF-81B6-97150D93438D}.Release|Any CPU.ActiveCfg = Release|iPhoneSimulator
		{704998E3-3E30-4CBF-81B6-97150D93438D}.Release|Any CPU.Build.0 = Release|iPhoneSimulator
		{704998E3-3E30-4CBF-81B6-97150D93438D}.Debug|iPhoneSimulator.ActiveCfg = Debug|iPhoneSimulator
		{704998E3-3E30-4CBF-81B6-97150D93438D}.Debug|iPhoneSimulator.Build.0 = Debug|iPhoneSimulator
		{704998E3-3E30-4CBF-81B6-97150D93438D}.Release|iPhoneSimulator.ActiveCfg = Release|iPhoneSimulator
		{704998E3-3E30-4CBF-81B6-97150D93438D}.Release|iPhoneSimulator.Build.0 = Release|iPhoneSimulator
		{704998E3-3E30-4CBF-81B6-97150D93438D}.Debug|iPhone.ActiveCfg = Debug|iPhone
		{704998E3-3E30-4CBF-81B6-97150D93438D}.Debug|iPhone.Build.0 = Debug|iPhone
		{704998E3-3E30-4CBF-81B6-97150D93438D}.Release|iPhone.ActiveCfg = Release|iPhone
		{704998E3-3E30-4CBF-81B6-97150D93438D}.Release|iPhone.Build.0 = Release|iPhone
	EndGlobalSection
EndGlobal
