
Microsoft Visual Studio Solution File, Format Version 12.00
# Visual Studio Version 16
VisualStudioVersion = 25.0.1706.1
MinimumVisualStudioVersion = 10.0.40219.1
Project("{FAE04EC0-301F-11D3-BF4B-00C04F79EFBC}") = "AirshipBindings.Android.LiveUpdate", "AirshipBindings.Android.LiveUpdate.csproj", "{34C41814-4889-4A78-AEF1-905951306C7F}"
EndProject
Global
	GlobalSection(SolutionConfigurationPlatforms) = preSolution
		Debug|Any CPU = Debug|Any CPU
		Release|Any CPU = Release|Any CPU
	EndGlobalSection
	GlobalSection(ProjectConfigurationPlatforms) = postSolution
		{34C41814-4889-4A78-AEF1-905951306C7F}.Debug|Any CPU.ActiveCfg = Debug|Any CPU
		{34C41814-4889-4A78-AEF1-905951306C7F}.Debug|Any CPU.Build.0 = Debug|Any CPU
		{34C41814-4889-4A78-AEF1-905951306C7F}.Release|Any CPU.ActiveCfg = Release|Any CPU
		{34C41814-4889-4A78-AEF1-905951306C7F}.Release|Any CPU.Build.0 = Release|Any CPU
	EndGlobalSection
	GlobalSection(SolutionProperties) = preSolution
		HideSolutionNode = FALSE
	EndGlobalSection
	GlobalSection(ExtensibilityGlobals) = postSolution
		SolutionGuid = {B0DB4C04-2837-43C2-A25E-B93CF6B701DD}
	EndGlobalSection
EndGlobal
