
Microsoft Visual Studio Solution File, Format Version 12.00
# Visual Studio 2012
Project("{FAE04EC0-301F-11D3-BF4B-00C04F79EFBC}") = "AirshipBindings.Portable", "AirshipBindings.Portable\AirshipBindings.Portable.csproj", "{7A710FD9-7EDE-46A2-807C-11B08149FAD8}"
EndProject
Project("{FAE04EC0-301F-11D3-BF4B-00C04F79EFBC}") = "AirshipBindings.Portable.iOS", "AirshipBindings.Portable.iOS\AirshipBindings.Portable.iOS.csproj", "{853AC832-0BF0-40E9-A942-1CAED6FECD65}"
EndProject
Project("{FAE04EC0-301F-11D3-BF4B-00C04F79EFBC}") = "AirshipBindings.Portable.Android", "AirshipBindings.Portable.Android\AirshipBindings.Portable.Android.csproj", "{44B732B9-BA44-49F5-8CB9-8FC3DCDBFCB8}"
EndProject
Project("{FAE04EC0-301F-11D3-BF4B-00C04F79EFBC}") = "AirshipBindings.Portable.Abstractions", "AirshipBindings.Portable.Abstractions\AirshipBindings.Portable.Abstractions.csproj", "{3D3696C8-5372-4BDF-B88A-57DE3B3ABE2D}"
EndProject
Project("{FAE04EC0-301F-11D3-BF4B-00C04F79EFBC}") = "AirshipBindings.Android", "..\AirshipBindings.Android\AirshipBindings.Android.csproj", "{1CAD9B42-85C2-495A-AA2D-1EA2FCFE1C3B}"
EndProject
Project("{FAE04EC0-301F-11D3-BF4B-00C04F79EFBC}") = "AirshipBindings.iOS", "..\AirshipBindings.iOS\AirshipBindings.iOS.csproj", "{58346B7E-E18F-4CB1-A9B8-C2266BDCFE2A}"
EndProject
Global
	GlobalSection(SolutionConfigurationPlatforms) = preSolution
		Debug|Any CPU = Debug|Any CPU
		Release|Any CPU = Release|Any CPU
	EndGlobalSection
	GlobalSection(ProjectConfigurationPlatforms) = postSolution
		{7A710FD9-7EDE-46A2-807C-11B08149FAD8}.Debug|Any CPU.ActiveCfg = Debug|Any CPU
		{7A710FD9-7EDE-46A2-807C-11B08149FAD8}.Debug|Any CPU.Build.0 = Debug|Any CPU
		{7A710FD9-7EDE-46A2-807C-11B08149FAD8}.Release|Any CPU.ActiveCfg = Release|Any CPU
		{7A710FD9-7EDE-46A2-807C-11B08149FAD8}.Release|Any CPU.Build.0 = Release|Any CPU
		{853AC832-0BF0-40E9-A942-1CAED6FECD65}.Debug|Any CPU.ActiveCfg = Debug|Any CPU
		{853AC832-0BF0-40E9-A942-1CAED6FECD65}.Debug|Any CPU.Build.0 = Debug|Any CPU
		{853AC832-0BF0-40E9-A942-1CAED6FECD65}.Release|Any CPU.ActiveCfg = Release|Any CPU
		{853AC832-0BF0-40E9-A942-1CAED6FECD65}.Release|Any CPU.Build.0 = Release|Any CPU
		{44B732B9-BA44-49F5-8CB9-8FC3DCDBFCB8}.Debug|Any CPU.ActiveCfg = Debug|Any CPU
		{44B732B9-BA44-49F5-8CB9-8FC3DCDBFCB8}.Debug|Any CPU.Build.0 = Debug|Any CPU
		{44B732B9-BA44-49F5-8CB9-8FC3DCDBFCB8}.Release|Any CPU.ActiveCfg = Release|Any CPU
		{44B732B9-BA44-49F5-8CB9-8FC3DCDBFCB8}.Release|Any CPU.Build.0 = Release|Any CPU
		{3D3696C8-5372-4BDF-B88A-57DE3B3ABE2D}.Debug|Any CPU.ActiveCfg = Debug|Any CPU
		{3D3696C8-5372-4BDF-B88A-57DE3B3ABE2D}.Debug|Any CPU.Build.0 = Debug|Any CPU
		{3D3696C8-5372-4BDF-B88A-57DE3B3ABE2D}.Release|Any CPU.ActiveCfg = Release|Any CPU
		{3D3696C8-5372-4BDF-B88A-57DE3B3ABE2D}.Release|Any CPU.Build.0 = Release|Any CPU
		{1CAD9B42-85C2-495A-AA2D-1EA2FCFE1C3B}.Debug|Any CPU.ActiveCfg = Debug|Any CPU
		{1CAD9B42-85C2-495A-AA2D-1EA2FCFE1C3B}.Debug|Any CPU.Build.0 = Debug|Any CPU
		{1CAD9B42-85C2-495A-AA2D-1EA2FCFE1C3B}.Release|Any CPU.ActiveCfg = Release|Any CPU
		{1CAD9B42-85C2-495A-AA2D-1EA2FCFE1C3B}.Release|Any CPU.Build.0 = Release|Any CPU
		{58346B7E-E18F-4CB1-A9B8-C2266BDCFE2A}.Debug|Any CPU.ActiveCfg = Debug|Any CPU
		{58346B7E-E18F-4CB1-A9B8-C2266BDCFE2A}.Debug|Any CPU.Build.0 = Debug|Any CPU
		{58346B7E-E18F-4CB1-A9B8-C2266BDCFE2A}.Release|Any CPU.ActiveCfg = Release|Any CPU
		{58346B7E-E18F-4CB1-A9B8-C2266BDCFE2A}.Release|Any CPU.Build.0 = Release|Any CPU
	EndGlobalSection
EndGlobal
