
Microsoft Visual Studio Solution File, Format Version 12.00
# Visual Studio 2012
Project("{FAE04EC0-301F-11D3-BF4B-00C04F79EFBC}") = "AirshipBindings.NETStandard", "AirshipBindings.NETStandard\AirshipBindings.NETStandard.csproj", "{4FC0B7D7-B05C-442D-AC4C-0899533B975C}"
EndProject
Project("{FAE04EC0-301F-11D3-BF4B-00C04F79EFBC}") = "AirshipBindings.Android.Core", "..\AirshipBindings.Android.Core\AirshipBindings.Android.Core.csproj", "{98DC9E01-745C-4CEA-93A9-6546B349B8EE}"
EndProject
Project("{FAE04EC0-301F-11D3-BF4B-00C04F79EFBC}") = "AirshipBindings.NETStandard.Abstractions", "AirshipBindings.NETStandard.Abstractions\AirshipBindings.NETStandard.Abstractions.csproj", "{2B019324-94E9-4C90-BA84-554F659EB6E4}"
EndProject
Project("{FAE04EC0-301F-11D3-BF4B-00C04F79EFBC}") = "AirshipBindings.NETStandard.Android", "AirshipBindings.NETStandard.Android\AirshipBindings.NETStandard.Android.csproj", "{98B269BE-8EFA-4D13-9B88-78AC3538559F}"
EndProject
Project("{FAE04EC0-301F-11D3-BF4B-00C04F79EFBC}") = "AirshipBindings.NETStandard.iOS", "AirshipBindings.NETStandard.iOS\AirshipBindings.NETStandard.iOS.csproj", "{7BEDF548-FCCF-4EA1-9B77-1D5B8CF07AA1}"
EndProject
Project("{FAE04EC0-301F-11D3-BF4B-00C04F79EFBC}") = "AirshipBindings.iOS.Automation", "..\AirshipBindings.iOS.Automation\AirshipBindings.iOS.Automation.csproj", "{70434FB5-A468-4777-9478-DD2AB80BE0E2}"
EndProject
Project("{FAE04EC0-301F-11D3-BF4B-00C04F79EFBC}") = "AirshipBindings.iOS.Core", "..\AirshipBindings.iOS.Core\AirshipBindings.iOS.Core.csproj", "{7F49C0FA-F958-44CF-9246-8B8577748E6F}"
EndProject
Project("{FAE04EC0-301F-11D3-BF4B-00C04F79EFBC}") = "AirshipBindings.iOS.MessageCenter", "..\AirshipBindings.iOS.MessageCenter\AirshipBindings.iOS.MessageCenter.csproj", "{AC22EEC5-DCA6-49D3-8B37-533B5565E2CF}"
EndProject
Project("{FAE04EC0-301F-11D3-BF4B-00C04F79EFBC}") = "AirshipBindings.Android.Automation", "..\AirshipBindings.Android.Automation\AirshipBindings.Android.Automation.csproj", "{7EC93B05-E253-4363-9A42-2A4942F6410C}"
EndProject
Project("{FAE04EC0-301F-11D3-BF4B-00C04F79EFBC}") = "AirshipBindings.Android.MessageCenter", "..\AirshipBindings.Android.MessageCenter\AirshipBindings.Android.MessageCenter.csproj", "{986507BE-5C63-4E62-B41E-7BE3FA2DB7C3}"
EndProject
Project("{FAE04EC0-301F-11D3-BF4B-00C04F79EFBC}") = "AirshipBindings.iOS.Basement", "..\AirshipBindings.iOS.Basement\AirshipBindings.iOS.Basement.csproj", "{5E85A7FD-8C42-4DE6-B002-E3CC2DA529C7}"
EndProject
Project("{FAE04EC0-301F-11D3-BF4B-00C04F79EFBC}") = "AirshipBindings.Android.ADM", "..\AirshipBindings.Android.ADM\AirshipBindings.Android.ADM.csproj", "{FE05AF69-5F90-4918-8A11-E927110B043D}"
EndProject
Project("{FAE04EC0-301F-11D3-BF4B-00C04F79EFBC}") = "AirshipBindings.Android.FCM", "..\AirshipBindings.Android.FCM\AirshipBindings.Android.FCM.csproj", "{8EE00A82-2E14-4DF5-A183-52BBF17544A2}"
EndProject
Project("{FAE04EC0-301F-11D3-BF4B-00C04F79EFBC}") = "AirshipBindings.Android.FeatureFlag", "..\AirshipBindings.Android.FeatureFlag\AirshipBindings.Android.FeatureFlag.csproj", "{F2B58B9A-3BE8-4C09-B91A-884F7BFA5716}"
EndProject
Project("{FAE04EC0-301F-11D3-BF4B-00C04F79EFBC}") = "AirshipBindings.Android.Layout", "..\AirshipBindings.Android.Layout\AirshipBindings.Android.Layout.csproj", "{23A94840-FFAB-4E2E-A39E-2E054F2DD905}"
EndProject
Project("{FAE04EC0-301F-11D3-BF4B-00C04F79EFBC}") = "AirshipBindings.Android.LiveUpdate", "..\AirshipBindings.Android.LiveUpdate\AirshipBindings.Android.LiveUpdate.csproj", "{34C41814-4889-4A78-AEF1-905951306C7F}"
EndProject
Project("{FAE04EC0-301F-11D3-BF4B-00C04F79EFBC}") = "AirshipBindings.Android.PreferenceCenter", "..\AirshipBindings.Android.PreferenceCenter\AirshipBindings.Android.PreferenceCenter.csproj", "{5D5C8FF3-09AF-4BB4-8953-C1F3856AAD47}"
EndProject
Project("{FAE04EC0-301F-11D3-BF4B-00C04F79EFBC}") = "AirshipBindings.iOS.NotificationContentExtension", "..\AirshipBindings.iOS.NotificationContentExtension\AirshipBindings.iOS.NotificationContentExtension.csproj", "{C9325C9E-B43A-4BE8-AD68-B7BF6942F9F8}"
EndProject
Project("{FAE04EC0-301F-11D3-BF4B-00C04F79EFBC}") = "AirshipBindings.iOS.NotificationServiceExtension", "..\AirshipBindings.iOS.NotificationServiceExtension\AirshipBindings.iOS.NotificationServiceExtension.csproj", "{2C453988-C24E-431A-A17C-6989E93C795E}"
EndProject
Project("{FAE04EC0-301F-11D3-BF4B-00C04F79EFBC}") = "AirshipBindings.iOS.PreferenceCenter", "..\AirshipBindings.iOS.PreferenceCenter\AirshipBindings.iOS.PreferenceCenter.csproj", "{13E9ACF2-4FE5-4FA6-96C4-BDFB6FF7C3A0}"
EndProject
Global
	GlobalSection(SolutionConfigurationPlatforms) = preSolution
		Debug|Any CPU = Debug|Any CPU
		Release|Any CPU = Release|Any CPU
	EndGlobalSection
	GlobalSection(ProjectConfigurationPlatforms) = postSolution
		{4FC0B7D7-B05C-442D-AC4C-0899533B975C}.Debug|Any CPU.ActiveCfg = Debug|Any CPU
		{4FC0B7D7-B05C-442D-AC4C-0899533B975C}.Debug|Any CPU.Build.0 = Debug|Any CPU
		{4FC0B7D7-B05C-442D-AC4C-0899533B975C}.Release|Any CPU.ActiveCfg = Release|Any CPU
		{4FC0B7D7-B05C-442D-AC4C-0899533B975C}.Release|Any CPU.Build.0 = Release|Any CPU
		{98DC9E01-745C-4CEA-93A9-6546B349B8EE}.Debug|Any CPU.ActiveCfg = Debug|Any CPU
		{98DC9E01-745C-4CEA-93A9-6546B349B8EE}.Debug|Any CPU.Build.0 = Debug|Any CPU
		{98DC9E01-745C-4CEA-93A9-6546B349B8EE}.Release|Any CPU.ActiveCfg = Release|Any CPU
		{98DC9E01-745C-4CEA-93A9-6546B349B8EE}.Release|Any CPU.Build.0 = Release|Any CPU
		{2B019324-94E9-4C90-BA84-554F659EB6E4}.Debug|Any CPU.ActiveCfg = Debug|Any CPU
		{2B019324-94E9-4C90-BA84-554F659EB6E4}.Debug|Any CPU.Build.0 = Debug|Any CPU
		{2B019324-94E9-4C90-BA84-554F659EB6E4}.Release|Any CPU.ActiveCfg = Release|Any CPU
		{2B019324-94E9-4C90-BA84-554F659EB6E4}.Release|Any CPU.Build.0 = Release|Any CPU
		{98B269BE-8EFA-4D13-9B88-78AC3538559F}.Debug|Any CPU.ActiveCfg = Debug|Any CPU
		{98B269BE-8EFA-4D13-9B88-78AC3538559F}.Debug|Any CPU.Build.0 = Debug|Any CPU
		{98B269BE-8EFA-4D13-9B88-78AC3538559F}.Release|Any CPU.ActiveCfg = Release|Any CPU
		{98B269BE-8EFA-4D13-9B88-78AC3538559F}.Release|Any CPU.Build.0 = Release|Any CPU
		{7BEDF548-FCCF-4EA1-9B77-1D5B8CF07AA1}.Debug|Any CPU.ActiveCfg = Debug|Any CPU
		{7BEDF548-FCCF-4EA1-9B77-1D5B8CF07AA1}.Debug|Any CPU.Build.0 = Debug|Any CPU
		{7BEDF548-FCCF-4EA1-9B77-1D5B8CF07AA1}.Release|Any CPU.ActiveCfg = Release|Any CPU
		{7BEDF548-FCCF-4EA1-9B77-1D5B8CF07AA1}.Release|Any CPU.Build.0 = Release|Any CPU
		{70434FB5-A468-4777-9478-DD2AB80BE0E2}.Debug|Any CPU.ActiveCfg = Debug|Any CPU
		{70434FB5-A468-4777-9478-DD2AB80BE0E2}.Debug|Any CPU.Build.0 = Debug|Any CPU
		{70434FB5-A468-4777-9478-DD2AB80BE0E2}.Release|Any CPU.ActiveCfg = Release|Any CPU
		{70434FB5-A468-4777-9478-DD2AB80BE0E2}.Release|Any CPU.Build.0 = Release|Any CPU
		{7F49C0FA-F958-44CF-9246-8B8577748E6F}.Debug|Any CPU.ActiveCfg = Debug|Any CPU
		{7F49C0FA-F958-44CF-9246-8B8577748E6F}.Debug|Any CPU.Build.0 = Debug|Any CPU
		{7F49C0FA-F958-44CF-9246-8B8577748E6F}.Release|Any CPU.ActiveCfg = Release|Any CPU
		{7F49C0FA-F958-44CF-9246-8B8577748E6F}.Release|Any CPU.Build.0 = Release|Any CPU
		{BFFFE653-04CD-4563-BF2D-B6F31349F30D}.Debug|Any CPU.ActiveCfg = Debug|Any CPU
		{BFFFE653-04CD-4563-BF2D-B6F31349F30D}.Debug|Any CPU.Build.0 = Debug|Any CPU
		{BFFFE653-04CD-4563-BF2D-B6F31349F30D}.Release|Any CPU.ActiveCfg = Release|Any CPU
		{BFFFE653-04CD-4563-BF2D-B6F31349F30D}.Release|Any CPU.Build.0 = Release|Any CPU
		{AC22EEC5-DCA6-49D3-8B37-533B5565E2CF}.Debug|Any CPU.ActiveCfg = Debug|Any CPU
		{AC22EEC5-DCA6-49D3-8B37-533B5565E2CF}.Debug|Any CPU.Build.0 = Debug|Any CPU
		{AC22EEC5-DCA6-49D3-8B37-533B5565E2CF}.Release|Any CPU.ActiveCfg = Release|Any CPU
		{AC22EEC5-DCA6-49D3-8B37-533B5565E2CF}.Release|Any CPU.Build.0 = Release|Any CPU
		{7EC93B05-E253-4363-9A42-2A4942F6410C}.Debug|Any CPU.ActiveCfg = Debug|Any CPU
		{7EC93B05-E253-4363-9A42-2A4942F6410C}.Debug|Any CPU.Build.0 = Debug|Any CPU
		{7EC93B05-E253-4363-9A42-2A4942F6410C}.Release|Any CPU.ActiveCfg = Release|Any CPU
		{7EC93B05-E253-4363-9A42-2A4942F6410C}.Release|Any CPU.Build.0 = Release|Any CPU
		{986507BE-5C63-4E62-B41E-7BE3FA2DB7C3}.Debug|Any CPU.ActiveCfg = Debug|Any CPU
		{986507BE-5C63-4E62-B41E-7BE3FA2DB7C3}.Debug|Any CPU.Build.0 = Debug|Any CPU
		{986507BE-5C63-4E62-B41E-7BE3FA2DB7C3}.Release|Any CPU.ActiveCfg = Release|Any CPU
		{986507BE-5C63-4E62-B41E-7BE3FA2DB7C3}.Release|Any CPU.Build.0 = Release|Any CPU
		{5E85A7FD-8C42-4DE6-B002-E3CC2DA529C7}.Debug|Any CPU.ActiveCfg = Debug|Any CPU
		{5E85A7FD-8C42-4DE6-B002-E3CC2DA529C7}.Debug|Any CPU.Build.0 = Debug|Any CPU
		{5E85A7FD-8C42-4DE6-B002-E3CC2DA529C7}.Release|Any CPU.ActiveCfg = Release|Any CPU
		{5E85A7FD-8C42-4DE6-B002-E3CC2DA529C7}.Release|Any CPU.Build.0 = Release|Any CPU
		{FE05AF69-5F90-4918-8A11-E927110B043D}.Debug|Any CPU.ActiveCfg = Debug|Any CPU
		{FE05AF69-5F90-4918-8A11-E927110B043D}.Debug|Any CPU.Build.0 = Debug|Any CPU
		{FE05AF69-5F90-4918-8A11-E927110B043D}.Release|Any CPU.ActiveCfg = Release|Any CPU
		{FE05AF69-5F90-4918-8A11-E927110B043D}.Release|Any CPU.Build.0 = Release|Any CPU
		{8EE00A82-2E14-4DF5-A183-52BBF17544A2}.Debug|Any CPU.ActiveCfg = Debug|Any CPU
		{8EE00A82-2E14-4DF5-A183-52BBF17544A2}.Debug|Any CPU.Build.0 = Debug|Any CPU
		{8EE00A82-2E14-4DF5-A183-52BBF17544A2}.Release|Any CPU.ActiveCfg = Release|Any CPU
		{8EE00A82-2E14-4DF5-A183-52BBF17544A2}.Release|Any CPU.Build.0 = Release|Any CPU
		{F2B58B9A-3BE8-4C09-B91A-884F7BFA5716}.Debug|Any CPU.ActiveCfg = Debug|Any CPU
		{F2B58B9A-3BE8-4C09-B91A-884F7BFA5716}.Debug|Any CPU.Build.0 = Debug|Any CPU
		{F2B58B9A-3BE8-4C09-B91A-884F7BFA5716}.Release|Any CPU.ActiveCfg = Release|Any CPU
		{F2B58B9A-3BE8-4C09-B91A-884F7BFA5716}.Release|Any CPU.Build.0 = Release|Any CPU
		{23A94840-FFAB-4E2E-A39E-2E054F2DD905}.Debug|Any CPU.ActiveCfg = Debug|Any CPU
		{23A94840-FFAB-4E2E-A39E-2E054F2DD905}.Debug|Any CPU.Build.0 = Debug|Any CPU
		{23A94840-FFAB-4E2E-A39E-2E054F2DD905}.Release|Any CPU.ActiveCfg = Release|Any CPU
		{23A94840-FFAB-4E2E-A39E-2E054F2DD905}.Release|Any CPU.Build.0 = Release|Any CPU
		{34C41814-4889-4A78-AEF1-905951306C7F}.Debug|Any CPU.ActiveCfg = Debug|Any CPU
		{34C41814-4889-4A78-AEF1-905951306C7F}.Debug|Any CPU.Build.0 = Debug|Any CPU
		{34C41814-4889-4A78-AEF1-905951306C7F}.Release|Any CPU.ActiveCfg = Release|Any CPU
		{34C41814-4889-4A78-AEF1-905951306C7F}.Release|Any CPU.Build.0 = Release|Any CPU
		{5D5C8FF3-09AF-4BB4-8953-C1F3856AAD47}.Debug|Any CPU.ActiveCfg = Debug|Any CPU
		{5D5C8FF3-09AF-4BB4-8953-C1F3856AAD47}.Debug|Any CPU.Build.0 = Debug|Any CPU
		{5D5C8FF3-09AF-4BB4-8953-C1F3856AAD47}.Release|Any CPU.ActiveCfg = Release|Any CPU
		{5D5C8FF3-09AF-4BB4-8953-C1F3856AAD47}.Release|Any CPU.Build.0 = Release|Any CPU
		{C9325C9E-B43A-4BE8-AD68-B7BF6942F9F8}.Debug|Any CPU.ActiveCfg = Debug|Any CPU
		{C9325C9E-B43A-4BE8-AD68-B7BF6942F9F8}.Debug|Any CPU.Build.0 = Debug|Any CPU
		{C9325C9E-B43A-4BE8-AD68-B7BF6942F9F8}.Release|Any CPU.ActiveCfg = Release|Any CPU
		{C9325C9E-B43A-4BE8-AD68-B7BF6942F9F8}.Release|Any CPU.Build.0 = Release|Any CPU
		{2C453988-C24E-431A-A17C-6989E93C795E}.Debug|Any CPU.ActiveCfg = Debug|Any CPU
		{2C453988-C24E-431A-A17C-6989E93C795E}.Debug|Any CPU.Build.0 = Debug|Any CPU
		{2C453988-C24E-431A-A17C-6989E93C795E}.Release|Any CPU.ActiveCfg = Release|Any CPU
		{2C453988-C24E-431A-A17C-6989E93C795E}.Release|Any CPU.Build.0 = Release|Any CPU
		{13E9ACF2-4FE5-4FA6-96C4-BDFB6FF7C3A0}.Debug|Any CPU.ActiveCfg = Debug|Any CPU
		{13E9ACF2-4FE5-4FA6-96C4-BDFB6FF7C3A0}.Debug|Any CPU.Build.0 = Debug|Any CPU
		{13E9ACF2-4FE5-4FA6-96C4-BDFB6FF7C3A0}.Release|Any CPU.ActiveCfg = Release|Any CPU
		{13E9ACF2-4FE5-4FA6-96C4-BDFB6FF7C3A0}.Release|Any CPU.Build.0 = Release|Any CPU
	EndGlobalSection
EndGlobal
