
Microsoft Visual Studio Solution File, Format Version 12.00
# Visual Studio 2012
Project("{FAE04EC0-301F-11D3-BF4B-00C04F79EFBC}") = "AirshipBindings.NETStandard", "AirshipBindings.NETStandard\AirshipBindings.NETStandard.csproj", "{4FC0B7D7-B05C-442D-AC4C-0899533B975C}"
EndProject
Project("{FAE04EC0-301F-11D3-BF4B-00C04F79EFBC}") = "AirshipBindings.NETStandard.Abstractions", "AirshipBindings.NETStandard.Abstractions\AirshipBindings.NETStandard.Abstractions.csproj", "{2B019324-94E9-4C90-BA84-554F659EB6E4}"
EndProject
Project("{FAE04EC0-301F-11D3-BF4B-00C04F79EFBC}") = "AirshipBindings.NETStandard.Android", "AirshipBindings.NETStandard.Android\AirshipBindings.NETStandard.Android.csproj", "{98B269BE-8EFA-4D13-9B88-78AC3538559F}"
EndProject
Project("{FAE04EC0-301F-11D3-BF4B-00C04F79EFBC}") = "AirshipBindings.NETStandard.iOS", "AirshipBindings.NETStandard.iOS\AirshipBindings.NETStandard.iOS.csproj", "{7BEDF548-FCCF-4EA1-9B77-1D5B8CF07AA1}"
EndProject
Project("{FAE04EC0-301F-11D3-BF4B-00C04F79EFBC}") = "AirshipBindings.iOS.Automation", "..\AirshipBindings.iOS.Automation\AirshipBindings.iOS.Automation.csproj", "{70434FB5-A468-4777-9478-DD2AB80BE0E2}"
EndProject
Project("{FAE04EC0-301F-11D3-BF4B-00C04F79EFBC}") = "AirshipBindings.iOS.Core", "..\AirshipBindings.iOS.Core\AirshipBindings.iOS.Core.csproj", "{7F49C0FA-F958-44CF-9246-8B8577748E6F}"
EndProject
Project("{FAE04EC0-301F-11D3-BF4B-00C04F79EFBC}") = "AirshipBindings.iOS.ExtendedActions", "..\AirshipBindings.iOS.ExtendedActions\AirshipBindings.iOS.ExtendedActions.csproj", "{BFFFE653-04CD-4563-BF2D-B6F31349F30D}"
EndProject
Project("{FAE04EC0-301F-11D3-BF4B-00C04F79EFBC}") = "AirshipBindings.iOS.MessageCenter", "..\AirshipBindings.iOS.MessageCenter\AirshipBindings.iOS.MessageCenter.csproj", "{AC22EEC5-DCA6-49D3-8B37-533B5565E2CF}"
EndProject
Project("{FAE04EC0-301F-11D3-BF4B-00C04F79EFBC}") = "AirshipBindings.iOS.Basement", "..\AirshipBindings.iOS.Basement\AirshipBindings.iOS.Basement.csproj", "{5E85A7FD-8C42-4DE6-B002-E3CC2DA529C7}"
EndProject
Project("{FAE04EC0-301F-11D3-BF4B-00C04F79EFBC}") = "airship.android.automation", "..\..\binderator\generated\airship.android.automation\airship.android.automation.csproj", "{2C06493A-089D-4BC4-9B58-F3F8C04F9303}"
EndProject
Project("{FAE04EC0-301F-11D3-BF4B-00C04F79EFBC}") = "airship.android.core", "..\..\binderator\generated\airship.android.core\airship.android.core.csproj", "{35D0B748-390E-4DB9-AC30-69D6B8937621}"
EndProject
Project("{FAE04EC0-301F-11D3-BF4B-00C04F79EFBC}") = "airship.android.messagecenter", "..\..\binderator\generated\airship.android.messagecenter\airship.android.messagecenter.csproj", "{83AF75B6-7486-4643-98B0-06D404192E16}"
EndProject
Global
	GlobalSection(SolutionConfigurationPlatforms) = preSolution
		Debug|Any CPU = Debug|Any CPU
		Release|Any CPU = Release|Any CPU
	EndGlobalSection
	GlobalSection(ProjectConfigurationPlatforms) = postSolution
		{4FC0B7D7-B05C-442D-AC4C-0899533B975C}.Debug|Any CPU.ActiveCfg = Debug|Any CPU
		{4FC0B7D7-B05C-442D-AC4C-0899533B975C}.Debug|Any CPU.Build.0 = Debug|Any CPU
		{4FC0B7D7-B05C-442D-AC4C-0899533B975C}.Release|Any CPU.ActiveCfg = Release|Any CPU
		{4FC0B7D7-B05C-442D-AC4C-0899533B975C}.Release|Any CPU.Build.0 = Release|Any CPU
		{2B019324-94E9-4C90-BA84-554F659EB6E4}.Debug|Any CPU.ActiveCfg = Debug|Any CPU
		{2B019324-94E9-4C90-BA84-554F659EB6E4}.Debug|Any CPU.Build.0 = Debug|Any CPU
		{2B019324-94E9-4C90-BA84-554F659EB6E4}.Release|Any CPU.ActiveCfg = Release|Any CPU
		{2B019324-94E9-4C90-BA84-554F659EB6E4}.Release|Any CPU.Build.0 = Release|Any CPU
		{98B269BE-8EFA-4D13-9B88-78AC3538559F}.Debug|Any CPU.ActiveCfg = Debug|Any CPU
		{98B269BE-8EFA-4D13-9B88-78AC3538559F}.Debug|Any CPU.Build.0 = Debug|Any CPU
		{98B269BE-8EFA-4D13-9B88-78AC3538559F}.Release|Any CPU.ActiveCfg = Release|Any CPU
		{98B269BE-8EFA-4D13-9B88-78AC3538559F}.Release|Any CPU.Build.0 = Release|Any CPU
		{7BEDF548-FCCF-4EA1-9B77-1D5B8CF07AA1}.Debug|Any CPU.ActiveCfg = Debug|Any CPU
		{7BEDF548-FCCF-4EA1-9B77-1D5B8CF07AA1}.Debug|Any CPU.Build.0 = Debug|Any CPU
		{7BEDF548-FCCF-4EA1-9B77-1D5B8CF07AA1}.Release|Any CPU.ActiveCfg = Release|Any CPU
		{7BEDF548-FCCF-4EA1-9B77-1D5B8CF07AA1}.Release|Any CPU.Build.0 = Release|Any CPU
		{70434FB5-A468-4777-9478-DD2AB80BE0E2}.Debug|Any CPU.ActiveCfg = Debug|Any CPU
		{70434FB5-A468-4777-9478-DD2AB80BE0E2}.Debug|Any CPU.Build.0 = Debug|Any CPU
		{70434FB5-A468-4777-9478-DD2AB80BE0E2}.Release|Any CPU.ActiveCfg = Release|Any CPU
		{70434FB5-A468-4777-9478-DD2AB80BE0E2}.Release|Any CPU.Build.0 = Release|Any CPU
		{7F49C0FA-F958-44CF-9246-8B8577748E6F}.Debug|Any CPU.ActiveCfg = Debug|Any CPU
		{7F49C0FA-F958-44CF-9246-8B8577748E6F}.Debug|Any CPU.Build.0 = Debug|Any CPU
		{7F49C0FA-F958-44CF-9246-8B8577748E6F}.Release|Any CPU.ActiveCfg = Release|Any CPU
		{7F49C0FA-F958-44CF-9246-8B8577748E6F}.Release|Any CPU.Build.0 = Release|Any CPU
		{BFFFE653-04CD-4563-BF2D-B6F31349F30D}.Debug|Any CPU.ActiveCfg = Debug|Any CPU
		{BFFFE653-04CD-4563-BF2D-B6F31349F30D}.Debug|Any CPU.Build.0 = Debug|Any CPU
		{BFFFE653-04CD-4563-BF2D-B6F31349F30D}.Release|Any CPU.ActiveCfg = Release|Any CPU
		{BFFFE653-04CD-4563-BF2D-B6F31349F30D}.Release|Any CPU.Build.0 = Release|Any CPU
		{AC22EEC5-DCA6-49D3-8B37-533B5565E2CF}.Debug|Any CPU.ActiveCfg = Debug|Any CPU
		{AC22EEC5-DCA6-49D3-8B37-533B5565E2CF}.Debug|Any CPU.Build.0 = Debug|Any CPU
		{AC22EEC5-DCA6-49D3-8B37-533B5565E2CF}.Release|Any CPU.ActiveCfg = Release|Any CPU
		{AC22EEC5-DCA6-49D3-8B37-533B5565E2CF}.Release|Any CPU.Build.0 = Release|Any CPU
		{5E85A7FD-8C42-4DE6-B002-E3CC2DA529C7}.Debug|Any CPU.ActiveCfg = Debug|Any CPU
		{5E85A7FD-8C42-4DE6-B002-E3CC2DA529C7}.Debug|Any CPU.Build.0 = Debug|Any CPU
		{5E85A7FD-8C42-4DE6-B002-E3CC2DA529C7}.Release|Any CPU.ActiveCfg = Release|Any CPU
		{5E85A7FD-8C42-4DE6-B002-E3CC2DA529C7}.Release|Any CPU.Build.0 = Release|Any CPU
		{2C06493A-089D-4BC4-9B58-F3F8C04F9303}.Debug|Any CPU.ActiveCfg = Debug|Any CPU
		{2C06493A-089D-4BC4-9B58-F3F8C04F9303}.Debug|Any CPU.Build.0 = Debug|Any CPU
		{2C06493A-089D-4BC4-9B58-F3F8C04F9303}.Release|Any CPU.ActiveCfg = Release|Any CPU
		{2C06493A-089D-4BC4-9B58-F3F8C04F9303}.Release|Any CPU.Build.0 = Release|Any CPU
		{35D0B748-390E-4DB9-AC30-69D6B8937621}.Debug|Any CPU.ActiveCfg = Debug|Any CPU
		{35D0B748-390E-4DB9-AC30-69D6B8937621}.Debug|Any CPU.Build.0 = Debug|Any CPU
		{35D0B748-390E-4DB9-AC30-69D6B8937621}.Release|Any CPU.ActiveCfg = Release|Any CPU
		{35D0B748-390E-4DB9-AC30-69D6B8937621}.Release|Any CPU.Build.0 = Release|Any CPU
		{83AF75B6-7486-4643-98B0-06D404192E16}.Debug|Any CPU.ActiveCfg = Debug|Any CPU
		{83AF75B6-7486-4643-98B0-06D404192E16}.Debug|Any CPU.Build.0 = Debug|Any CPU
		{83AF75B6-7486-4643-98B0-06D404192E16}.Release|Any CPU.ActiveCfg = Release|Any CPU
		{83AF75B6-7486-4643-98B0-06D404192E16}.Release|Any CPU.Build.0 = Release|Any CPU
	EndGlobalSection
EndGlobal
