
Microsoft Visual Studio Solution File, Format Version 12.00
# Visual Studio 15
Project("{FAE04EC0-301F-11D3-BF4B-00C04F79EFBC}") = "AirshipBindings.iOS.Core", "AirshipBindings.iOS.Core.csproj", "{7F49C0FA-F958-44CF-9246-8B8577748E6F}"
EndProject
Global
	GlobalSection(SolutionConfigurationPlatforms) = preSolution
		Debug|Any CPU = Debug|Any CPU
		Release|Any CPU = Release|Any CPU
	EndGlobalSection
	GlobalSection(ProjectConfigurationPlatforms) = postSolution
		{7F49C0FA-F958-44CF-9246-8B8577748E6F}.Debug|Any CPU.ActiveCfg = Debug|Any CPU
		{7F49C0FA-F958-44CF-9246-8B8577748E6F}.Debug|Any CPU.Build.0 = Debug|Any CPU
		{7F49C0FA-F958-44CF-9246-8B8577748E6F}.Release|Any CPU.ActiveCfg = Release|Any CPU
		{7F49C0FA-F958-44CF-9246-8B8577748E6F}.Release|Any CPU.Build.0 = Release|Any CPU
	EndGlobalSection
	GlobalSection(MonoDevelopProperties) = preSolution
	EndGlobalSection
EndGlobal
